
Microsoft Visual Studio Solution File, Format Version 12.00
# Visual Studio Version 17
VisualStudioVersion = 17.8.34408.163
MinimumVisualStudioVersion = 10.0.40219.1
Project("{FAE04EC0-301F-11D3-BF4B-00C04F79EFBC}") = "SudokuSolver.Shared", "SudokuSolver.Shared\SudokuSolver.Shared.csproj", "{C60DC709-1A20-409A-8A4F-EBF3B83D8B75}"
EndProject
Project("{FAE04EC0-301F-11D3-BF4B-00C04F79EFBC}") = "SudokuSolver.Tests", "SudokuSolver.Tests\SudokuSolver.Tests.csproj", "{7F5CDEA1-F630-4825-B529-C61214C99B5C}"
EndProject
Global
	GlobalSection(SolutionConfigurationPlatforms) = preSolution
		Debug|Any CPU = Debug|Any CPU
		Release|Any CPU = Release|Any CPU
	EndGlobalSection
	GlobalSection(ProjectConfigurationPlatforms) = postSolution
		{C60DC709-1A20-409A-8A4F-EBF3B83D8B75}.Debug|Any CPU.ActiveCfg = Debug|Any CPU
		{C60DC709-1A20-409A-8A4F-EBF3B83D8B75}.Debug|Any CPU.Build.0 = Debug|Any CPU
		{C60DC709-1A20-409A-8A4F-EBF3B83D8B75}.Release|Any CPU.ActiveCfg = Release|Any CPU
		{C60DC709-1A20-409A-8A4F-EBF3B83D8B75}.Release|Any CPU.Build.0 = Release|Any CPU
		{7F5CDEA1-F630-4825-B529-C61214C99B5C}.Debug|Any CPU.ActiveCfg = Debug|Any CPU
		{7F5CDEA1-F630-4825-B529-C61214C99B5C}.Debug|Any CPU.Build.0 = Debug|Any CPU
		{7F5CDEA1-F630-4825-B529-C61214C99B5C}.Release|Any CPU.ActiveCfg = Release|Any CPU
		{7F5CDEA1-F630-4825-B529-C61214C99B5C}.Release|Any CPU.Build.0 = Release|Any CPU
	EndGlobalSection
	GlobalSection(SolutionProperties) = preSolution
		HideSolutionNode = FALSE
	EndGlobalSection
	GlobalSection(ExtensibilityGlobals) = postSolution
		SolutionGuid = {4E37CD65-3E5F-4841-B64B-358ADD05FB6E}
	EndGlobalSection
EndGlobal
